# This file was autogenerated by Stack.
# You should not edit this file by hand.
# For more information, please see the documentation at:
#   https://docs.haskellstack.org/en/stable/lock_files

packages:
- completed:
    pantry-tree:
      sha256: 51d4bf283e1d9ae37e43cd387b112919e45f2fc088f57cbd33c8bad9b0c179f1
      size: 600
    hackage: firefly-0.2.1.0@sha256:e9d73486464c3e223ec457e02b30ddd5b550fdbf6292b268c64581e2b07d888b,1519
  original:
    hackage: firefly-0.2.1.0
- completed:
    pantry-tree:
      sha256: 2fe423d0ed7cd64f0f165d708779f48814e66c4f181c568468134af55d86a5f8
      size: 2315
    hackage: QuickCheck-2.14.2@sha256:4ce29211223d5e6620ebceba34a3ca9ccf1c10c0cf387d48aea45599222ee5aa,7736
  original:
    hackage: QuickCheck-2.14.2
- completed:
    pantry-tree:
      sha256: d01cd5f335fcceb1ee537d0a8b8586332a65de2058ff421171593d6c5dce294f
      size: 1776
    hackage: hedis-0.15.1@sha256:64c8c26071222e6c8b25b59bfabd0fffde465cb65714ebc0351f991c809ad7ee,6312
  original:
    hackage: hedis-0.15.1
snapshots:
- completed:
    sha256: 57d4ce67cc097fea2058446927987bc1f7408890e3a6df0da74e5e318f051c20
    size: 618884
    url: https://raw.githubusercontent.com/commercialhaskell/stackage-snapshots/master/lts/19/7.yaml
  original:
    url: https://raw.githubusercontent.com/commercialhaskell/stackage-snapshots/master/lts/19/7.yaml
